<?xml version="1.0" encoding="utf-8"?>
<Project ToolsVersion="4.0" xmlns="http://schemas.microsoft.com/developer/msbuild/2003">
  <ItemGroup>
    <Filter Include="Pliki źródłowe">
      <UniqueIdentifier>{4FC737F1-C7A5-4376-A066-2A32D752A2FF}</UniqueIdentifier>
      <Extensions>cpp;c;cc;cxx;def;odl;idl;hpj;bat;asm;asmx</Extensions>
    </Filter>
    <Filter Include="Pliki nagłówkowe">
      <UniqueIdentifier>{93995380-89BD-4b04-88EB-625FBE52EBFB}</UniqueIdentifier>
      <Extensions>h;hh;hpp;hxx;hm;inl;inc;xsd</Extensions>
    </Filter>
    <Filter Include="Pliki zasobów">
      <UniqueIdentifier>{67DA6AB6-F800-4c08-8B7A-83BB121AAD01}</UniqueIdentifier>
      <Extensions>rc;ico;cur;bmp;dlg;rc2;rct;bin;rgs;gif;jpg;jpeg;jpe;resx;tiff;tif;png;wav;mfcribbon-ms</Extensions>
    </Filter>
    <Filter Include="Pliki nagłówkowe\Fields">
      <UniqueIdentifier>{d9104ad7-2bb1-45a2-b394-70c9b568f612}</UniqueIdentifier>
    </Filter>
    <Filter Include="Pliki źródłowe\Fields">
      <UniqueIdentifier>{173e2ae8-2a10-4dff-940d-1c7d36134342}</UniqueIdentifier>
    </Filter>
    <Filter Include="Pliki źródłowe\Globals">
      <UniqueIdentifier>{85ca644c-d352-4c49-bb52-b8d6d34b72ef}</UniqueIdentifier>
    </Filter>
    <Filter Include="Pliki nagłówkowe\Globals">
      <UniqueIdentifier>{b52068ad-c0c9-4c97-a339-7796be0020e2}</UniqueIdentifier>
    </Filter>
  </ItemGroup>
  <ItemGroup>
    <ClCompile Include="Main.cpp">
      <Filter>Pliki źródłowe</Filter>
    </ClCompile>
    <ClCompile Include="Game.cpp">
      <Filter>Pliki źródłowe</Filter>
    </ClCompile>
    <ClCompile Include="Field.cpp">
      <Filter>Pliki źródłowe\Fields</Filter>
    </ClCompile>
    <ClCompile Include="FieldEmpty.cpp">
      <Filter>Pliki źródłowe\Fields</Filter>
    </ClCompile>
    <ClCompile Include="FieldEnter.cpp">
      <Filter>Pliki źródłowe\Fields</Filter>
    </ClCompile>
    <ClCompile Include="FieldExit.cpp">
      <Filter>Pliki źródłowe\Fields</Filter>
    </ClCompile>
    <ClCompile Include="FieldWall.cpp">
      <Filter>Pliki źródłowe\Fields</Filter>
    </ClCompile>
    <ClCompile Include="global-information.cpp">
      <Filter>Pliki źródłowe\Globals</Filter>
    </ClCompile>
    <ClCompile Include="ResourceManager.cpp">
      <Filter>Pliki źródłowe\Globals</Filter>
    </ClCompile>
    <ClCompile Include="Enemy.cpp">
      <Filter>Pliki źródłowe</Filter>
    </ClCompile>
    <ClCompile Include="Board.cpp">
      <Filter>Pliki źródłowe</Filter>
    </ClCompile>
    <ClCompile Include="FieldManager.cpp">
      <Filter>Pliki źródłowe\Globals</Filter>
    </ClCompile>
    <ClCompile Include="Way.cpp">
      <Filter>Pliki źródłowe</Filter>
    </ClCompile>
  </ItemGroup>
  <ItemGroup>
    <ClInclude Include="Game.h">
      <Filter>Pliki nagłówkowe</Filter>
    </ClInclude>
    <ClInclude Include="Field.h">
      <Filter>Pliki nagłówkowe\Fields</Filter>
    </ClInclude>
    <ClInclude Include="FieldEmpty.h">
      <Filter>Pliki nagłówkowe\Fields</Filter>
    </ClInclude>
    <ClInclude Include="FieldEnter.h">
      <Filter>Pliki nagłówkowe\Fields</Filter>
    </ClInclude>
    <ClInclude Include="FieldExit.h">
      <Filter>Pliki nagłówkowe\Fields</Filter>
    </ClInclude>
    <ClInclude Include="FieldWall.h">
      <Filter>Pliki nagłówkowe\Fields</Filter>
    </ClInclude>
    <ClInclude Include="global-information.h">
      <Filter>Pliki nagłówkowe\Globals</Filter>
    </ClInclude>
    <ClInclude Include="ResourceManager.h">
      <Filter>Pliki nagłówkowe\Globals</Filter>
    </ClInclude>
    <ClInclude Include="Enemy.h">
      <Filter>Pliki nagłówkowe</Filter>
    </ClInclude>
    <ClInclude Include="Board.h">
      <Filter>Pliki nagłówkowe</Filter>
    </ClInclude>
    <ClInclude Include="all-fields.h">
      <Filter>Pliki nagłówkowe\Globals</Filter>
    </ClInclude>
    <ClInclude Include="FieldManager.h">
      <Filter>Pliki nagłówkowe\Globals</Filter>
    </ClInclude>
    <ClInclude Include="Way.h">
      <Filter>Pliki nagłówkowe</Filter>
    </ClInclude>
  </ItemGroup>
  <ItemGroup>
    <None Include="ClassDiagram.cd" />
  </ItemGroup>
</Project>